// !$*UTF8*$!
{
	archiveVersion = 1;
	classes = {
	};
	objectVersion = 46;
	objects = {

/* Begin PBXBuildFile section */
		01387CB81E9F4D25008BEE4A /* AppDelegate.swift in Sources */ = {isa = PBXBuildFile; fileRef = 01387CB71E9F4D25008BEE4A /* AppDelegate.swift */; };
		01387CBA1E9F4D25008BEE4A /* ViewController.swift in Sources */ = {isa = PBXBuildFile; fileRef = 01387CB91E9F4D25008BEE4A /* ViewController.swift */; };
		01387CBD1E9F4D25008BEE4A /* Main.storyboard in Resources */ = {isa = PBXBuildFile; fileRef = 01387CBB1E9F4D25008BEE4A /* Main.storyboard */; };
		01387CC01E9F4D25008BEE4A /* Meme_Verse.xcdatamodeld in Sources */ = {isa = PBXBuildFile; fileRef = 01387CBE1E9F4D25008BEE4A /* Meme_Verse.xcdatamodeld */; };
		01387CC21E9F4D25008BEE4A /* Assets.xcassets in Resources */ = {isa = PBXBuildFile; fileRef = 01387CC11E9F4D25008BEE4A /* Assets.xcassets */; };
		01387CC51E9F4D25008BEE4A /* LaunchScreen.storyboard in Resources */ = {isa = PBXBuildFile; fileRef = 01387CC31E9F4D25008BEE4A /* LaunchScreen.storyboard */; };
/* End PBXBuildFile section */

/* Begin PBXFileReference section */
		01387CB41E9F4D25008BEE4A /* Meme_Verse.app */ = {isa = PBXFileReference; explicitFileType = wrapper.application; includeInIndex = 0; path = Meme_Verse.app; sourceTree = BUILT_PRODUCTS_DIR; };
		01387CB71E9F4D25008BEE4A /* AppDelegate.swift */ = {isa = PBXFileReference; lastKnownFileType = sourcecode.swift; path = AppDelegate.swift; sourceTree = "<group>"; };
		01387CB91E9F4D25008BEE4A /* ViewController.swift */ = {isa = PBXFileReference; lastKnownFileType = sourcecode.swift; path = ViewController.swift; sourceTree = "<group>"; };
		01387CBC1E9F4D25008BEE4A /* Base */ = {isa = PBXFileReference; lastKnownFileType = file.storyboard; name = Base; path = Base.lproj/Main.storyboard; sourceTree = "<group>"; };
		01387CBF1E9F4D25008BEE4A /* Meme_Verse.xcdatamodel */ = {isa = PBXFileReference; lastKnownFileType = wrapper.xcdatamodel; path = Meme_Verse.xcdatamodel; sourceTree = "<group>"; };
		01387CC11E9F4D25008BEE4A /* Assets.xcassets */ = {isa = PBXFileReference; lastKnownFileType = folder.assetcatalog; path = Assets.xcassets; sourceTree = "<group>"; };
		01387CC41E9F4D25008BEE4A /* Base */ = {isa = PBXFileReference; lastKnownFileType = file.storyboard; name = Base; path = Base.lproj/LaunchScreen.storyboard; sourceTree = "<group>"; };
		01387CC61E9F4D25008BEE4A /* Info.plist */ = {isa = PBXFileReference; lastKnownFileType = text.plist.xml; path = Info.plist; sourceTree = "<group>"; };
/* End PBXFileReference section */

/* Begin PBXFrameworksBuildPhase section */
		01387CB11E9F4D25008BEE4A /* Frameworks */ = {
			isa = PBXFrameworksBuildPhase;
			buildActionMask = 2147483647;
			files = (
			);
			runOnlyForDeploymentPostprocessing = 0;
		};
/* End PBXFrameworksBuildPhase section */

/* Begin PBXGroup section */
		01387CAB1E9F4D25008BEE4A = {
			isa = PBXGroup;
			children = (
				01387CB61E9F4D25008BEE4A /* Meme_Verse */,
				01387CB51E9F4D25008BEE4A /* Products */,
			);
			sourceTree = "<group>";
		};
		01387CB51E9F4D25008BEE4A /* Products */ = {
			isa = PBXGroup;
			children = (
				01387CB41E9F4D25008BEE4A /* Meme_Verse.app */,
			);
			name = Products;
			sourceTree = "<group>";
		};
		01387CB61E9F4D25008BEE4A /* Meme_Verse */ = {
			isa = PBXGroup;
			children = (
				01387CB71E9F4D25008BEE4A /* AppDelegate.swift */,
				01387CB91E9F4D25008BEE4A /* ViewController.swift */,
				01387CBB1E9F4D25008BEE4A /* Main.storyboard */,
				01387CC11E9F4D25008BEE4A /* Assets.xcassets */,
				01387CC31E9F4D25008BEE4A /* LaunchScreen.storyboard */,
				01387CC61E9F4D25008BEE4A /* Info.plist */,
				01387CBE1E9F4D25008BEE4A /* Meme_Verse.xcdatamodeld */,
			);
			path = Meme_Verse;
			sourceTree = "<group>";
		};
/* End PBXGroup section */

/* Begin PBXNativeTarget section */
		01387CB31E9F4D25008BEE4A /* Meme_Verse */ = {
			isa = PBXNativeTarget;
			buildConfigurationList = 01387CC91E9F4D25008BEE4A /* Build configuration list for PBXNativeTarget "Meme_Verse" */;
			buildPhases = (
				01387CB01E9F4D25008BEE4A /* Sources */,
				01387CB11E9F4D25008BEE4A /* Frameworks */,
				01387CB21E9F4D25008BEE4A /* Resources */,
			);
			buildRules = (
			);
			dependencies = (
			);
			name = Meme_Verse;
			productName = Meme_Verse;
			productReference = 01387CB41E9F4D25008BEE4A /* Meme_Verse.app */;
			productType = "com.apple.product-type.application";
		};
/* End PBXNativeTarget section */

/* Begin PBXProject section */
		01387CAC1E9F4D25008BEE4A /* Project object */ = {
			isa = PBXProject;
			attributes = {
				LastSwiftUpdateCheck = 0830;
				LastUpgradeCheck = 0830;
				ORGANIZATIONNAME = "Ari Glenn";
				TargetAttributes = {
					01387CB31E9F4D25008BEE4A = {
						CreatedOnToolsVersion = 8.3;
						DevelopmentTeam = JS88LV6HSB;
						ProvisioningStyle = Automatic;
					};
				};
			};
			buildConfigurationList = 01387CAF1E9F4D25008BEE4A /* Build configuration list for PBXProject "Meme_Verse" */;
			compatibilityVersion = "Xcode 3.2";
			developmentRegion = English;
			hasScannedForEncodings = 0;
			knownRegions = (
				en,
				Base,
			);
			mainGroup = 01387CAB1E9F4D25008BEE4A;
			productRefGroup = 01387CB51E9F4D25008BEE4A /* Products */;
			projectDirPath = "";
			projectRoot = "";
			targets = (
				01387CB31E9F4D25008BEE4A /* Meme_Verse */,
			);
		};
/* End PBXProject section */

/* Begin PBXResourcesBuildPhase section */
		01387CB21E9F4D25008BEE4A /* Resources */ = {
			isa = PBXResourcesBuildPhase;
			buildActionMask = 2147483647;
			files = (
				01387CC51E9F4D25008BEE4A /* LaunchScreen.storyboard in Resources */,
				01387CC21E9F4D25008BEE4A /* Assets.xcassets in Resources */,
				01387CBD1E9F4D25008BEE4A /* Main.storyboard in Resources */,
			);
			runOnlyForDeploymentPostprocessing = 0;
		};
/* End PBXResourcesBuildPhase section */

/* Begin PBXSourcesBuildPhase section */
		01387CB01E9F4D25008BEE4A /* Sources */ = {
			isa = PBXSourcesBuildPhase;
			buildActionMask = 2147483647;
			files = (
				01387CC01E9F4D25008BEE4A /* Meme_Verse.xcdatamodeld in Sources */,
				01387CBA1E9F4D25008BEE4A /* ViewController.swift in Sources */,
				01387CB81E9F4D25008BEE4A /* AppDelegate.swift in Sources */,
			);
			runOnlyForDeploymentPostprocessing = 0;
		};
/* End PBXSourcesBuildPhase section */

/* Begin PBXVariantGroup section */
		01387CBB1E9F4D25008BEE4A /* Main.storyboard */ = {
			isa = PBXVariantGroup;
			children = (
				01387CBC1E9F4D25008BEE4A /* Base */,
			);
			name = Main.storyboard;
			sourceTree = "<group>";
		};
		01387CC31E9F4D25008BEE4A /* LaunchScreen.storyboard */ = {
			isa = PBXVariantGroup;
			children = (
				01387CC41E9F4D25008BEE4A /* Base */,
			);
			name = LaunchScreen.storyboard;
			sourceTree = "<group>";
		};
/* End PBXVariantGroup section */

/* Begin XCBuildConfiguration section */
		01387CC71E9F4D25008BEE4A /* Debug */ = {
			isa = XCBuildConfiguration;
			buildSettings = {
				ALWAYS_SEARCH_USER_PATHS = NO;
				CLANG_ANALYZER_NONNULL = YES;
				CLANG_ANALYZER_NUMBER_OBJECT_CONVERSION = YES_AGGRESSIVE;
				CLANG_CXX_LANGUAGE_STANDARD = "gnu++0x";
				CLANG_CXX_LIBRARY = "libc++";
				CLANG_ENABLE_MODULES = YES;
				CLANG_ENABLE_OBJC_ARC = YES;
				CLANG_WARN_BOOL_CONVERSION = YES;
				CLANG_WARN_CONSTANT_CONVERSION = YES;
				CLANG_WARN_DIRECT_OBJC_ISA_USAGE = YES_ERROR;
				CLANG_WARN_DOCUMENTATION_COMMENTS = YES;
				CLANG_WARN_EMPTY_BODY = YES;
				CLANG_WARN_ENUM_CONVERSION = YES;
				CLANG_WARN_INFINITE_RECURSION = YES;
				CLANG_WARN_INT_CONVERSION = YES;
				CLANG_WARN_OBJC_ROOT_CLASS = YES_ERROR;
				CLANG_WARN_SUSPICIOUS_MOVE = YES;
				CLANG_WARN_UNREACHABLE_CODE = YES;
				CLANG_WARN__DUPLICATE_METHOD_MATCH = YES;
				"CODE_SIGN_IDENTITY[sdk=iphoneos*]" = "iPhone Developer";
				COPY_PHASE_STRIP = NO;
				DEBUG_INFORMATION_FORMAT = dwarf;
				ENABLE_STRICT_OBJC_MSGSEND = YES;
				ENABLE_TESTABILITY = YES;
				GCC_C_LANGUAGE_STANDARD = gnu99;
				GCC_DYNAMIC_NO_PIC = NO;
				GCC_NO_COMMON_BLOCKS = YES;
				GCC_OPTIMIZATION_LEVEL = 0;
				GCC_PREPROCESSOR_DEFINITIONS = (
					"DEBUG=1",
					"$(inherited)",
				);
				GCC_WARN_64_TO_32_BIT_CONVERSION = YES;
				GCC_WARN_ABOUT_RETURN_TYPE = YES_ERROR;
				GCC_WARN_UNDECLARED_SELECTOR = YES;
				GCC_WARN_UNINITIALIZED_AUTOS = YES_AGGRESSIVE;
				GCC_WARN_UNUSED_FUNCTION = YES;
				GCC_WARN_UNUSED_VARIABLE = YES;
				IPHONEOS_DEPLOYMENT_TARGET = 10.3;
				MTL_ENABLE_DEBUG_INFO = YES;
				ONLY_ACTIVE_ARCH = YES;
				SDKROOT = iphoneos;
				SWIFT_ACTIVE_COMPILATION_CONDITIONS = DEBUG;
				SWIFT_OPTIMIZATION_LEVEL = "-Onone";
				TARGETED_DEVICE_FAMILY = "1,2";
			};
			name = Debug;
		};
		01387CC81E9F4D25008BEE4A /* Release */ = {
			isa = XCBuildConfiguration;
			buildSettings = {
				ALWAYS_SEARCH_USER_PATHS = NO;
				CLANG_ANALYZER_NONNULL = YES;
				CLANG_ANALYZER_NUMBER_OBJECT_CONVERSION = YES_AGGRESSIVE;
				CLANG_CXX_LANGUAGE_STANDARD = "gnu++0x";
				CLANG_CXX_LIBRARY = "libc++";
				CLANG_ENABLE_MODULES = YES;
				CLANG_ENABLE_OBJC_ARC = YES;
				CLANG_WARN_BOOL_CONVERSION = YES;
				CLANG_WARN_CONSTANT_CONVERSION = YES;
				CLANG_WARN_DIRECT_OBJC_ISA_USAGE = YES_ERROR;
				CLANG_WARN_DOCUMENTATION_COMMENTS = YES;
				CLANG_WARN_EMPTY_BODY = YES;
				CLANG_WARN_ENUM_CONVERSION = YES;
				CLANG_WARN_INFINITE_RECURSION = YES;
				CLANG_WARN_INT_CONVERSION = YES;
				CLANG_WARN_OBJC_ROOT_CLASS = YES_ERROR;
				CLANG_WARN_SUSPICIOUS_MOVE = YES;
				CLANG_WARN_UNREACHABLE_CODE = YES;
				CLANG_WARN__DUPLICATE_METHOD_MATCH = YES;
				"CODE_SIGN_IDENTITY[sdk=iphoneos*]" = "iPhone Developer";
				COPY_PHASE_STRIP = NO;
				DEBUG_INFORMATION_FORMAT = "dwarf-with-dsym";
				ENABLE_NS_ASSERTIONS = NO;
				ENABLE_STRICT_OBJC_MSGSEND = YES;
				GCC_C_LANGUAGE_STANDARD = gnu99;
				GCC_NO_COMMON_BLOCKS = YES;
				GCC_WARN_64_TO_32_BIT_CONVERSION = YES;
				GCC_WARN_ABOUT_RETURN_TYPE = YES_ERROR;
				GCC_WARN_UNDECLARED_SELECTOR = YES;
				GCC_WARN_UNINITIALIZED_AUTOS = YES_AGGRESSIVE;
				GCC_WARN_UNUSED_FUNCTION = YES;
				GCC_WARN_UNUSED_VARIABLE = YES;
				IPHONEOS_DEPLOYMENT_TARGET = 10.3;
				MTL_ENABLE_DEBUG_INFO = NO;
				SDKROOT = iphoneos;
				SWIFT_OPTIMIZATION_LEVEL = "-Owholemodule";
				TARGETED_DEVICE_FAMILY = "1,2";
				VALIDATE_PRODUCT = YES;
			};
			name = Release;
		};
		01387CCA1E9F4D25008BEE4A /* Debug */ = {
			isa = XCBuildConfiguration;
			buildSettings = {
				ASSETCATALOG_COMPILER_APPICON_NAME = AppIcon;
				DEVELOPMENT_TEAM = JS88LV6HSB;
				INFOPLIST_FILE = Meme_Verse/Info.plist;
				LD_RUNPATH_SEARCH_PATHS = "$(inherited) @executable_path/Frameworks";
				PRODUCT_BUNDLE_IDENTIFIER = "ariglenn.Memes.Meme-Verse";
				PRODUCT_NAME = "$(TARGET_NAME)";
				SWIFT_VERSION = 3.0;
			};
			name = Debug;
		};
		01387CCB1E9F4D25008BEE4A /* Release */ = {
			isa = XCBuildConfiguration;
			buildSettings = {
				ASSETCATALOG_COMPILER_APPICON_NAME = AppIcon;
				DEVELOPMENT_TEAM = JS88LV6HSB;
				INFOPLIST_FILE = Meme_Verse/Info.plist;
				LD_RUNPATH_SEARCH_PATHS = "$(inherited) @executable_path/Frameworks";
				PRODUCT_BUNDLE_IDENTIFIER = "ariglenn.Memes.Meme-Verse";
				PRODUCT_NAME = "$(TARGET_NAME)";
				SWIFT_VERSION = 3.0;
			};
			name = Release;
		};
/* End XCBuildConfiguration section */

/* Begin XCConfigurationList section */
		01387CAF1E9F4D25008BEE4A /* Build configuration list for PBXProject "Meme_Verse" */ = {
			isa = XCConfigurationList;
			buildConfigurations = (
				01387CC71E9F4D25008BEE4A /* Debug */,
				01387CC81E9F4D25008BEE4A /* Release */,
			);
			defaultConfigurationIsVisible = 0;
			defaultConfigurationName = Release;
		};
		01387CC91E9F4D25008BEE4A /* Build configuration list for PBXNativeTarget "Meme_Verse" */ = {
			isa = XCConfigurationList;
			buildConfigurations = (
				01387CCA1E9F4D25008BEE4A /* Debug */,
				01387CCB1E9F4D25008BEE4A /* Release */,
			);
			defaultConfigurationIsVisible = 0;
			defaultConfigurationName = Release;
		};
/* End XCConfigurationList section */

/* Begin XCVersionGroup section */
		01387CBE1E9F4D25008BEE4A /* Meme_Verse.xcdatamodeld */ = {
			isa = XCVersionGroup;
			children = (
				01387CBF1E9F4D25008BEE4A /* Meme_Verse.xcdatamodel */,
			);
			currentVersion = 01387CBF1E9F4D25008BEE4A /* Meme_Verse.xcdatamodel */;
			path = Meme_Verse.xcdatamodeld;
			sourceTree = "<group>";
			versionGroupType = wrapper.xcdatamodel;
		};
/* End XCVersionGroup section */
	};
	rootObject = 01387CAC1E9F4D25008BEE4A /* Project object */;
}
